Microsoft Visual Studio Solution File, Format Version 11.00
# Visual Studio 2008

Project("{B3DA0211-32F7-7C9D-E103-EFE089095AE6}") = "eclementary2", "Assembly-CSharp-vs.csproj", "{EE5B01A6-CD41-9BAC-559E-CC68FFFF36CF}"
EndProject
Project("{B3DA0211-32F7-7C9D-E103-EFE089095AE6}") = "eclementary2", "Assembly-CSharp-Editor-vs.csproj", "{8A546CB3-EA89-D238-BB92-25D95BAF47FB}"
EndProject
Global
	GlobalSection(SolutionConfigurationPlatforms) = preSolution
		Debug|Any CPU = Debug|Any CPU
		Release|Any CPU = Release|Any CPU
	EndGlobalSection
	GlobalSection(ProjectConfigurationPlatforms) = postSolution
		{EE5B01A6-CD41-9BAC-559E-CC68FFFF36CF}.Debug|Any CPU.ActiveCfg = Debug|Any CPU
		{EE5B01A6-CD41-9BAC-559E-CC68FFFF36CF}.Debug|Any CPU.Build.0 = Debug|Any CPU
		{EE5B01A6-CD41-9BAC-559E-CC68FFFF36CF}.Release|Any CPU.ActiveCfg = Release|Any CPU
		{EE5B01A6-CD41-9BAC-559E-CC68FFFF36CF}.Release|Any CPU.Build.0 = Release|Any CPU
		{8A546CB3-EA89-D238-BB92-25D95BAF47FB}.Debug|Any CPU.ActiveCfg = Debug|Any CPU
		{8A546CB3-EA89-D238-BB92-25D95BAF47FB}.Debug|Any CPU.Build.0 = Debug|Any CPU
		{8A546CB3-EA89-D238-BB92-25D95BAF47FB}.Release|Any CPU.ActiveCfg = Release|Any CPU
		{8A546CB3-EA89-D238-BB92-25D95BAF47FB}.Release|Any CPU.Build.0 = Release|Any CPU
	EndGlobalSection
	GlobalSection(SolutionProperties) = preSolution
		HideSolutionNode = FALSE
	EndGlobalSection
																																																																																																																																											GlobalSection(MonoDevelopProperties) = preSolution
=======
=======
																																																																																																																																																																																																																																																																																													GlobalSection(MonoDevelopProperties) = preSolution
=======
<<<<<<< HEAD
																																																																																																																																																																																																																																																																																														GlobalSection(MonoDevelopProperties) = preSolution
=======
																																																																																																																																																																																																																																																																																																				GlobalSection(MonoDevelopProperties) = preSolution
=======
																																																																																																																							GlobalSection(MonoDevelopProperties) = preSolution
=======
=======
																																																																																																																																																																																																																																																																																													GlobalSection(MonoDevelopProperties) = preSolution
>>>>>>> 86566633a0aa0ae1365fa0e74c7a8a2d4afa40cf
>>>>>>> 1ce06bdb70d45344b5fc57efceb852c78bf13b55
>>>>>>> 5c409c75278e1da4144473eee5bd50ce27f48150
=======
<<<<<<< HEAD
<<<<<<< HEAD
<<<<<<< HEAD
<<<<<<< HEAD
																																																																																																							GlobalSection(MonoDevelopProperties) = preSolution
=======
=======
																																																																																																													GlobalSection(MonoDevelopProperties) = preSolution
=======
>>>>>>> Stashed changes
>>>>>>> b6e75edb8760ebe9cf9eabb35ddd2b003b4624b1
																																																																																																																																																											GlobalSection(MonoDevelopProperties) = preSolution
>>>>>>> 9e42a47e4d052998bd83c3ab95989abc629b7cb8
=======
																																																																																																																																																																																																																			GlobalSection(MonoDevelopProperties) = preSolution
=======
																																																																																																																																																																																																																																																																										GlobalSection(MonoDevelopProperties) = preSolution
>>>>>>> e307af2a8a119e328230d120182d5965cd3ad1ce
=======
																																																																																																																																																																																																																																																																																GlobalSection(MonoDevelopProperties) = preSolution
<<<<<<< HEAD
>>>>>>> cbcf0d1dfb63fbb9fab2c4995e7c2e3cdbf558e2
=======
<<<<<<< Updated upstream
>>>>>>> cbcf0d1dfb63fbb9fab2c4995e7c2e3cdbf558e2
>>>>>>> f6a0a606efa874c27c2e94e2f7e8c10c496093da
=======
>>>>>>> cbcf0d1dfb63fbb9fab2c4995e7c2e3cdbf558e2
>>>>>>> Stashed changes
>>>>>>> b6e75edb8760ebe9cf9eabb35ddd2b003b4624b1
=======
<<<<<<< HEAD
																																																																																																																																																																																		GlobalSection(MonoDevelopProperties) = preSolution
=======
																																																																																																																																																																																GlobalSection(MonoDevelopProperties) = preSolution
>>>>>>> origin
>>>>>>> 03b87448d9fb56205201f4a0f5e8b30f95bf1512
>>>>>>> 473164579c47352acd0ad0ac12e0205ef683105d
		StartupItem = Assembly-CSharp.csproj
		Policies = $0
		$0.TextStylePolicy = $1
		$1.inheritsSet = null
		$1.scope = text/x-csharp
		$0.CSharpFormattingPolicy = $2
		$2.inheritsSet = Mono
		$2.inheritsScope = text/x-csharp
		$2.scope = text/x-csharp
		$0.TextStylePolicy = $3
		$3.FileWidth = 120
		$3.TabWidth = 4
		$3.EolMarker = Unix
		$3.inheritsSet = Mono
		$3.inheritsScope = text/plain
		$3.scope = text/plain
	EndGlobalSection
																																																																																																														GlobalSection(MonoDevelopProperties) = preSolution
		StartupItem = Assembly-CSharp.csproj
		Policies = $0
		$0.TextStylePolicy = $1
		$1.inheritsSet = null
		$1.scope = text/x-csharp
		$0.CSharpFormattingPolicy = $2
		$2.inheritsSet = Mono
		$2.inheritsScope = text/x-csharp
		$2.scope = text/x-csharp
		$0.TextStylePolicy = $3
		$3.FileWidth = 120
		$3.TabWidth = 4
		$3.EolMarker = Unix
		$3.inheritsSet = Mono
		$3.inheritsScope = text/plain
		$3.scope = text/plain
	EndGlobalSection

EndGlobal
