Microsoft Visual Studio Solution File, Format Version 11.00
# Visual Studio 2008

Project("{B3DA0211-32F7-7C9D-E103-EFE089095AE6}") = "eclementary2", "Assembly-CSharp.csproj", "{EE5B01A6-CD41-9BAC-559E-CC68FFFF36CF}"
EndProject
Project("{B3DA0211-32F7-7C9D-E103-EFE089095AE6}") = "eclementary2", "Assembly-CSharp-Editor.csproj", "{8A546CB3-EA89-D238-BB92-25D95BAF47FB}"
EndProject
Project("{B3DA0211-32F7-7C9D-E103-EFE089095AE6}") = "eclementary2", "Assembly-UnityScript.unityproj", "{683A35AE-D232-B1D3-C572-B5C037E31D1E}"
EndProject
Global
	GlobalSection(SolutionConfigurationPlatforms) = preSolution
		Debug|Any CPU = Debug|Any CPU
		Release|Any CPU = Release|Any CPU
	EndGlobalSection
	GlobalSection(ProjectConfigurationPlatforms) = postSolution
		{EE5B01A6-CD41-9BAC-559E-CC68FFFF36CF}.Debug|Any CPU.ActiveCfg = Debug|Any CPU
		{EE5B01A6-CD41-9BAC-559E-CC68FFFF36CF}.Debug|Any CPU.Build.0 = Debug|Any CPU
		{EE5B01A6-CD41-9BAC-559E-CC68FFFF36CF}.Release|Any CPU.ActiveCfg = Release|Any CPU
		{EE5B01A6-CD41-9BAC-559E-CC68FFFF36CF}.Release|Any CPU.Build.0 = Release|Any CPU
		{8A546CB3-EA89-D238-BB92-25D95BAF47FB}.Debug|Any CPU.ActiveCfg = Debug|Any CPU
		{8A546CB3-EA89-D238-BB92-25D95BAF47FB}.Debug|Any CPU.Build.0 = Debug|Any CPU
		{8A546CB3-EA89-D238-BB92-25D95BAF47FB}.Release|Any CPU.ActiveCfg = Release|Any CPU
		{8A546CB3-EA89-D238-BB92-25D95BAF47FB}.Release|Any CPU.Build.0 = Release|Any CPU
		{683A35AE-D232-B1D3-C572-B5C037E31D1E}.Debug|Any CPU.ActiveCfg = Debug|Any CPU
		{683A35AE-D232-B1D3-C572-B5C037E31D1E}.Debug|Any CPU.Build.0 = Debug|Any CPU
		{683A35AE-D232-B1D3-C572-B5C037E31D1E}.Release|Any CPU.ActiveCfg = Release|Any CPU
		{683A35AE-D232-B1D3-C572-B5C037E31D1E}.Release|Any CPU.Build.0 = Release|Any CPU
	EndGlobalSection
	GlobalSection(SolutionProperties) = preSolution
		HideSolutionNode = FALSE
	EndGlobalSection
																																																																																																																																																																																																																																																																																																																																																																																																																																GlobalSection(MonoDevelopProperties) = preSolution
=======
																																																																																																																																																																																																																																																																																																																																																																																																GlobalSection(MonoDevelopProperties) = preSolution
=======
																																																																																																																																																																																																																																																																																																																																																																																																																																													GlobalSection(MonoDevelopProperties) = preSolution
>>>>>>> 70e6752187419f81238b8269e355c94bdf92574d
=======
																																																																																																																																																																																																																																																																																																																																																																																																		GlobalSection(MonoDevelopProperties) = preSolution
=======
																																																																																																																																																																																																																																																																																																																																																																																																					GlobalSection(MonoDevelopProperties) = preSolution
=======
																																																																																																																																																																																																																																																																																																																																																																																														GlobalSection(MonoDevelopProperties) = preSolution
>>>>>>> 64c06fc798d5b9aad4de8ca548937f2793f4f933
>>>>>>> origin/master
>>>>>>> aea4f726823e84c8c59cbec922062fe3babbdf7b
>>>>>>> origin/master
=======
																																																																																																																																																																																																																																																																																																																																																							GlobalSection(MonoDevelopProperties) = preSolution
>>>>>>> 3b7c29a13c54c6d73d0dc26f5ea0bbf5cfc60bfc
=======
																																																																																																																																																																																																																																																																																																																												GlobalSection(MonoDevelopProperties) = preSolution
<<<<<<< HEAD
=======
																																																																																																																																																																																																																																																																																																												GlobalSection(MonoDevelopProperties) = preSolution
>>>>>>> df7595ed833a13c80a5b85670b291e67c870173a
=======
																																																																																																																																																																																																																																																																																																													GlobalSection(MonoDevelopProperties) = preSolution
>>>>>>> origin/master
=======
>>>>>>> origin/master
>>>>>>> 27a1723440a8ebc9da0b7f2e9c9ce597f540025d
=======
																																																																																																																																																																																																																																																																																																							GlobalSection(MonoDevelopProperties) = preSolution
>>>>>>> dfa7fa18438ee014817f22c1370a9b54e263ce53
=======
																																																																																																																																																																																																																																													GlobalSection(MonoDevelopProperties) = preSolution
>>>>>>> origin/master
=======
																																																																																																																																																																																																																																																																									GlobalSection(MonoDevelopProperties) = preSolution
>>>>>>> 4af6b9b47d96653e614a474c238fa3b6601ae537
=======
																																																																																																																																																																																																																																																															GlobalSection(MonoDevelopProperties) = preSolution
>>>>>>> 373ee7f826f331868059df4eec3304a5a4cab10d
=======
<<<<<<< HEAD
																																																																																																																																																																																																																																																																																																				GlobalSection(MonoDevelopProperties) = preSolution
=======
																																																																																																																																							GlobalSection(MonoDevelopProperties) = preSolution
=======
																																																																																																																																										GlobalSection(MonoDevelopProperties) = preSolution
>>>>>>> 80f3ebbee19814e3b8ccf83786ee094a8ae3aac0
>>>>>>> 379c75d93ed2dc0cd43faeb9ff02e4f3ca281708
=======
=======
																																																																																																																																																																																																																																																																																													GlobalSection(MonoDevelopProperties) = preSolution
=======
<<<<<<< HEAD
																																																																																																																																																																																																																																																																																														GlobalSection(MonoDevelopProperties) = preSolution
>>>>>>> origin/master
=======
																																																																																																																																																																																																																																																																																																				GlobalSection(MonoDevelopProperties) = preSolution
=======
																																																																																																																							GlobalSection(MonoDevelopProperties) = preSolution
=======
=======
																																																																																																																																																																																																																																																																																													GlobalSection(MonoDevelopProperties) = preSolution
>>>>>>> 86566633a0aa0ae1365fa0e74c7a8a2d4afa40cf
>>>>>>> 1ce06bdb70d45344b5fc57efceb852c78bf13b55
<<<<<<< HEAD
=======
>>>>>>> 5c409c75278e1da4144473eee5bd50ce27f48150
>>>>>>> origin/master
=======
<<<<<<< HEAD
<<<<<<< HEAD
<<<<<<< HEAD
<<<<<<< HEAD
																																																																																																							GlobalSection(MonoDevelopProperties) = preSolution
=======
=======
																																																																																																													GlobalSection(MonoDevelopProperties) = preSolution
=======
>>>>>>> Stashed changes
>>>>>>> b6e75edb8760ebe9cf9eabb35ddd2b003b4624b1
																																																																																																																																																											GlobalSection(MonoDevelopProperties) = preSolution
>>>>>>> 9e42a47e4d052998bd83c3ab95989abc629b7cb8
=======
																																																																																																																																																																																																																			GlobalSection(MonoDevelopProperties) = preSolution
=======
																																																																																																																																																																																																																																																																										GlobalSection(MonoDevelopProperties) = preSolution
>>>>>>> e307af2a8a119e328230d120182d5965cd3ad1ce
=======
																																																																																																																																																																																																																																																																																GlobalSection(MonoDevelopProperties) = preSolution
<<<<<<< HEAD
>>>>>>> cbcf0d1dfb63fbb9fab2c4995e7c2e3cdbf558e2
=======
<<<<<<< Updated upstream
>>>>>>> cbcf0d1dfb63fbb9fab2c4995e7c2e3cdbf558e2
>>>>>>> f6a0a606efa874c27c2e94e2f7e8c10c496093da
=======
>>>>>>> cbcf0d1dfb63fbb9fab2c4995e7c2e3cdbf558e2
>>>>>>> Stashed changes
>>>>>>> b6e75edb8760ebe9cf9eabb35ddd2b003b4624b1
=======
<<<<<<< HEAD
																																																																																																																																																																																		GlobalSection(MonoDevelopProperties) = preSolution
=======
																																																																																																																																																																																GlobalSection(MonoDevelopProperties) = preSolution
>>>>>>> origin
>>>>>>> 03b87448d9fb56205201f4a0f5e8b30f95bf1512
>>>>>>> 473164579c47352acd0ad0ac12e0205ef683105d
		StartupItem = Assembly-CSharp.csproj
		Policies = $0
		$0.TextStylePolicy = $1
		$1.inheritsSet = null
		$1.scope = text/x-csharp
		$0.CSharpFormattingPolicy = $2
		$2.inheritsSet = Mono
		$2.inheritsScope = text/x-csharp
		$2.scope = text/x-csharp
		$0.TextStylePolicy = $3
		$3.FileWidth = 120
		$3.TabWidth = 4
		$3.EolMarker = Unix
		$3.inheritsSet = Mono
		$3.inheritsScope = text/plain
		$3.scope = text/plain
	EndGlobalSection
																																																																																																														GlobalSection(MonoDevelopProperties) = preSolution
		StartupItem = Assembly-CSharp.csproj
		Policies = $0
		$0.TextStylePolicy = $1
		$1.inheritsSet = null
		$1.scope = text/x-csharp
		$0.CSharpFormattingPolicy = $2
		$2.inheritsSet = Mono
		$2.inheritsScope = text/x-csharp
		$2.scope = text/x-csharp
		$0.TextStylePolicy = $3
		$3.FileWidth = 120
		$3.TabWidth = 4
		$3.EolMarker = Unix
		$3.inheritsSet = Mono
		$3.inheritsScope = text/plain
		$3.scope = text/plain
	EndGlobalSection

EndGlobal
