Microsoft Visual Studio Solution File, Format Version 11.00
# Visual Studio 2008

Project("{B3DA0211-32F7-7C9D-E103-EFE089095AE6}") = "eclementary2", "Assembly-CSharp.csproj", "{EE5B01A6-CD41-9BAC-559E-CC68FFFF36CF}"
EndProject
Project("{B3DA0211-32F7-7C9D-E103-EFE089095AE6}") = "eclementary2", "Assembly-CSharp-Editor.csproj", "{8A546CB3-EA89-D238-BB92-25D95BAF47FB}"
EndProject
Project("{B3DA0211-32F7-7C9D-E103-EFE089095AE6}") = "eclementary2", "Assembly-UnityScript.unityproj", "{683A35AE-D232-B1D3-C572-B5C037E31D1E}"
EndProject
Global
	GlobalSection(SolutionConfigurationPlatforms) = preSolution
		Debug|Any CPU = Debug|Any CPU
		Release|Any CPU = Release|Any CPU
	EndGlobalSection
	GlobalSection(ProjectConfigurationPlatforms) = postSolution
		{EE5B01A6-CD41-9BAC-559E-CC68FFFF36CF}.Debug|Any CPU.ActiveCfg = Debug|Any CPU
		{EE5B01A6-CD41-9BAC-559E-CC68FFFF36CF}.Debug|Any CPU.Build.0 = Debug|Any CPU
		{EE5B01A6-CD41-9BAC-559E-CC68FFFF36CF}.Release|Any CPU.ActiveCfg = Release|Any CPU
		{EE5B01A6-CD41-9BAC-559E-CC68FFFF36CF}.Release|Any CPU.Build.0 = Release|Any CPU
		{8A546CB3-EA89-D238-BB92-25D95BAF47FB}.Debug|Any CPU.ActiveCfg = Debug|Any CPU
		{8A546CB3-EA89-D238-BB92-25D95BAF47FB}.Debug|Any CPU.Build.0 = Debug|Any CPU
		{8A546CB3-EA89-D238-BB92-25D95BAF47FB}.Release|Any CPU.ActiveCfg = Release|Any CPU
		{8A546CB3-EA89-D238-BB92-25D95BAF47FB}.Release|Any CPU.Build.0 = Release|Any CPU
		{683A35AE-D232-B1D3-C572-B5C037E31D1E}.Debug|Any CPU.ActiveCfg = Debug|Any CPU
		{683A35AE-D232-B1D3-C572-B5C037E31D1E}.Debug|Any CPU.Build.0 = Debug|Any CPU
		{683A35AE-D232-B1D3-C572-B5C037E31D1E}.Release|Any CPU.ActiveCfg = Release|Any CPU
		{683A35AE-D232-B1D3-C572-B5C037E31D1E}.Release|Any CPU.Build.0 = Release|Any CPU
	EndGlobalSection
	GlobalSection(SolutionProperties) = preSolution
		HideSolutionNode = FALSE
	EndGlobalSection
																																																																																																																																																																																GlobalSection(MonoDevelopProperties) = preSolution
		StartupItem = Assembly-CSharp.csproj
		Policies = $0
		$0.TextStylePolicy = $1
		$1.inheritsSet = null
		$1.scope = text/x-csharp
		$0.CSharpFormattingPolicy = $2
		$2.inheritsSet = Mono
		$2.inheritsScope = text/x-csharp
		$2.scope = text/x-csharp
		$0.TextStylePolicy = $3
		$3.FileWidth = 120
		$3.TabWidth = 4
		$3.EolMarker = Unix
		$3.inheritsSet = Mono
		$3.inheritsScope = text/plain
		$3.scope = text/plain
	EndGlobalSection
																																																																																																														GlobalSection(MonoDevelopProperties) = preSolution
		StartupItem = Assembly-CSharp.csproj
		Policies = $0
		$0.TextStylePolicy = $1
		$1.inheritsSet = null
		$1.scope = text/x-csharp
		$0.CSharpFormattingPolicy = $2
		$2.inheritsSet = Mono
		$2.inheritsScope = text/x-csharp
		$2.scope = text/x-csharp
		$0.TextStylePolicy = $3
		$3.FileWidth = 120
		$3.TabWidth = 4
		$3.EolMarker = Unix
		$3.inheritsSet = Mono
		$3.inheritsScope = text/plain
		$3.scope = text/plain
	EndGlobalSection

EndGlobal
